
Microsoft Visual Studio Solution File, Format Version 12.00
# Visual Studio Version 17
VisualStudioVersion = 17.14.36518.9 d17.14
MinimumVisualStudioVersion = 10.0.40219.1
Project("{FAE04EC0-301F-11D3-BF4B-00C04F79EFBC}") = "CITIREPDFPLUXEE", "CITIREPDFPLUXEE.csproj", "{23335FFD-121E-49DF-BBBB-B6B7F7BBA498}"
EndProject
Global
	GlobalSection(SolutionConfigurationPlatforms) = preSolution
		Debug|Any CPU = Debug|Any CPU
		Release|Any CPU = Release|Any CPU
	EndGlobalSection
	GlobalSection(ProjectConfigurationPlatforms) = postSolution
		{23335FFD-121E-49DF-BBBB-B6B7F7BBA498}.Debug|Any CPU.ActiveCfg = Debug|Any CPU
		{23335FFD-121E-49DF-BBBB-B6B7F7BBA498}.Debug|Any CPU.Build.0 = Debug|Any CPU
		{23335FFD-121E-49DF-BBBB-B6B7F7BBA498}.Release|Any CPU.ActiveCfg = Release|Any CPU
		{23335FFD-121E-49DF-BBBB-B6B7F7BBA498}.Release|Any CPU.Build.0 = Release|Any CPU
	EndGlobalSection
	GlobalSection(SolutionProperties) = preSolution
		HideSolutionNode = FALSE
	EndGlobalSection
	GlobalSection(ExtensibilityGlobals) = postSolution
		SolutionGuid = {100187C3-D3CD-462C-88CA-7AD12FA23C6F}
	EndGlobalSection
EndGlobal
